<Project xmlns="http://schemas.microsoft.com/developer/msbuild/2003">
    <PropertyGroup>
        <ProjectGuid>{C00516C1-ADBE-4A12-8AD5-FF5350BBF979}</ProjectGuid>
        <MainSource>EurekaLog_18.dpk</MainSource>
        <ProjectVersion>14.6</ProjectVersion>
        <FrameworkType>VCL</FrameworkType>
        <Config Condition="'$(Config)'==''">Base</Config>
        <Platform Condition="'$(Platform)'==''">Win32</Platform>
        <TargetedPlatforms>1</TargetedPlatforms>
        <AppType>Package</AppType>
        <VerInfo_IncludeVerInfo>false</VerInfo_IncludeVerInfo>
        <SkipResGeneration>true</SkipResGeneration>
        <Base>True</Base>
    </PropertyGroup>
    <PropertyGroup Condition="'$(Config)'=='Base' or '$(Base)'!=''">
        <Base>true</Base>
    </PropertyGroup>
    <PropertyGroup Condition="'$(Base)'!=''">
        <DCC_SymbolReferenceInfo>0</DCC_SymbolReferenceInfo>
        <DCC_LocalDebugSymbols>false</DCC_LocalDebugSymbols>
        <VerInfo_Keys>CompanyName=;FileDescription=;FileVersion=1.0.0.0;InternalName=;LegalCopyright=;LegalTrademarks=;OriginalFilename=;ProductName=;ProductVersion=1.0.0.0</VerInfo_Keys>
        <DCC_AssertionsAtRuntime>false</DCC_AssertionsAtRuntime>
        <VerInfo_Locale>1031</VerInfo_Locale>
        <DCC_DebugInformation>false</DCC_DebugInformation>
        <GenDll>true</GenDll>
        <GenPackage>true</GenPackage>
        <Manifest_File>None</Manifest_File>
        <DCC_Namespace>System;Xml;XML.Win;Data;Datasnap;Soap;Winapi;Bde;System.Win;Vcl;$(DCC_Namespace)</DCC_Namespace>
        <DCC_BplOutput>$(BDS)\Projects\Bpl</DCC_BplOutput>
        <DCC_DcuOutput>..\Bin</DCC_DcuOutput>
        <DCC_UnitSearchPath>C:\Program Files (x86)\Neos Eureka S.r.l\EurekaLog 7\Source;C:\Program Files (x86)\Neos Eureka S.r.l\EurekaLog 7\Source\Common;$(DCC_UnitSearchPath)</DCC_UnitSearchPath>
    </PropertyGroup>
    <ItemGroup>
        <DelphiCompile Include="$(MainSource)">
            <MainSource>MainSource</MainSource>
        </DelphiCompile>
        <DCCReference Include="DesignIDE.dcp"/>
        <DCCReference Include="rtl.dcp"/>
        <DCCReference Include="soaprtl.dcp"/>
        <DCCReference Include="inet.dcp"/>
        <DCCReference Include="dbrtl.dcp"/>
        <DCCReference Include="C:\Program Files (x86)\Neos Eureka S.r.l\EurekaLog 7\Source\EAnsiFileNamesFix.pas"/>
        <DCCReference Include="C:\Program Files (x86)\Neos Eureka S.r.l\EurekaLog 7\Source\EAppConsole.pas"/>
        <DCCReference Include="C:\Program Files (x86)\Neos Eureka S.r.l\EurekaLog 7\Source\EAppCrossModule.pas"/>
        <DCCReference Include="C:\Program Files (x86)\Neos Eureka S.r.l\EurekaLog 7\Source\EAppDLL.pas"/>
        <DCCReference Include="C:\Program Files (x86)\Neos Eureka S.r.l\EurekaLog 7\Source\EAppMultiThreaded.pas"/>
        <DCCReference Include="C:\Program Files (x86)\Neos Eureka S.r.l\EurekaLog 7\Source\EAppService.pas"/>
        <DCCReference Include="C:\Program Files (x86)\Neos Eureka S.r.l\EurekaLog 7\Source\EAppType.pas"/>
        <DCCReference Include="C:\Program Files (x86)\Neos Eureka S.r.l\EurekaLog 7\Source\EAppVCL.pas"/>
        <DCCReference Include="C:\Program Files (x86)\Neos Eureka S.r.l\EurekaLog 7\Source\EBase.pas"/>
        <DCCReference Include="C:\Program Files (x86)\Neos Eureka S.r.l\EurekaLog 7\Source\ECallStack.pas"/>
        <DCCReference Include="C:\Program Files (x86)\Neos Eureka S.r.l\EurekaLog 7\Source\EClasses.pas"/>
        <DCCReference Include="C:\Program Files (x86)\Neos Eureka S.r.l\EurekaLog 7\Source\EClassUtils.pas"/>
        <DCCReference Include="C:\Program Files (x86)\Neos Eureka S.r.l\EurekaLog 7\Source\ECompatibility.pas"/>
        <DCCReference Include="C:\Program Files (x86)\Neos Eureka S.r.l\EurekaLog 7\Source\EComponent.pas"/>
        <DCCReference Include="C:\Program Files (x86)\Neos Eureka S.r.l\EurekaLog 7\Source\EComponentV6.pas"/>
        <DCCReference Include="C:\Program Files (x86)\Neos Eureka S.r.l\EurekaLog 7\Source\EConfig.pas"/>
        <DCCReference Include="C:\Program Files (x86)\Neos Eureka S.r.l\EurekaLog 7\Source\EConsts.pas"/>
        <DCCReference Include="C:\Program Files (x86)\Neos Eureka S.r.l\EurekaLog 7\Source\ECore.pas"/>
        <DCCReference Include="C:\Program Files (x86)\Neos Eureka S.r.l\EurekaLog 7\Source\ED5CompFix.pas"/>
        <DCCReference Include="C:\Program Files (x86)\Neos Eureka S.r.l\EurekaLog 7\Source\EDbgHelp.pas"/>
        <DCCReference Include="C:\Program Files (x86)\Neos Eureka S.r.l\EurekaLog 7\Source\EDebugDWARF.pas"/>
        <DCCReference Include="C:\Program Files (x86)\Neos Eureka S.r.l\EurekaLog 7\Source\EDebugEL.pas"/>
        <DCCReference Include="C:\Program Files (x86)\Neos Eureka S.r.l\EurekaLog 7\Source\EDebugExports.pas"/>
        <DCCReference Include="C:\Program Files (x86)\Neos Eureka S.r.l\EurekaLog 7\Source\EDebugInfo.pas"/>
        <DCCReference Include="C:\Program Files (x86)\Neos Eureka S.r.l\EurekaLog 7\Source\EDebugJCL.pas"/>
        <DCCReference Include="C:\Program Files (x86)\Neos Eureka S.r.l\EurekaLog 7\Source\EDebugMap.pas"/>
        <DCCReference Include="C:\Program Files (x86)\Neos Eureka S.r.l\EurekaLog 7\Source\EDebugME.pas"/>
        <DCCReference Include="C:\Program Files (x86)\Neos Eureka S.r.l\EurekaLog 7\Source\EDebugMS.pas"/>
        <DCCReference Include="C:\Program Files (x86)\Neos Eureka S.r.l\EurekaLog 7\Source\EDebugStabs.pas"/>
        <DCCReference Include="C:\Program Files (x86)\Neos Eureka S.r.l\EurekaLog 7\Source\EDebugTD32.pas"/>
        <DCCReference Include="C:\Program Files (x86)\Neos Eureka S.r.l\EurekaLog 7\Source\EDialog.pas"/>
        <DCCReference Include="C:\Program Files (x86)\Neos Eureka S.r.l\EurekaLog 7\Source\EDialogConsole.pas"/>
        <DCCReference Include="C:\Program Files (x86)\Neos Eureka S.r.l\EurekaLog 7\Source\EDialogHTMLBased.pas"/>
        <DCCReference Include="C:\Program Files (x86)\Neos Eureka S.r.l\EurekaLog 7\Source\EDialogSend.pas"/>
        <DCCReference Include="C:\Program Files (x86)\Neos Eureka S.r.l\EurekaLog 7\Source\EDialogSendWinAPI.pas"/>
        <DCCReference Include="C:\Program Files (x86)\Neos Eureka S.r.l\EurekaLog 7\Source\EDialogService.pas"/>
        <DCCReference Include="C:\Program Files (x86)\Neos Eureka S.r.l\EurekaLog 7\Source\EDialogWeb.pas"/>
        <DCCReference Include="C:\Program Files (x86)\Neos Eureka S.r.l\EurekaLog 7\Source\EDialogWER.pas"/>
        <DCCReference Include="C:\Program Files (x86)\Neos Eureka S.r.l\EurekaLog 7\Source\EDialogWinAPI.pas"/>
        <DCCReference Include="C:\Program Files (x86)\Neos Eureka S.r.l\EurekaLog 7\Source\EDialogWinAPIEurekaLog.pas"/>
        <DCCReference Include="C:\Program Files (x86)\Neos Eureka S.r.l\EurekaLog 7\Source\EDialogWinAPIEurekaLogDetailed.pas"/>
        <DCCReference Include="C:\Program Files (x86)\Neos Eureka S.r.l\EurekaLog 7\Source\EDialogWinAPIMSClassic.pas"/>
        <DCCReference Include="C:\Program Files (x86)\Neos Eureka S.r.l\EurekaLog 7\Source\EDialogWinAPIStepsToReproduce.pas"/>
        <DCCReference Include="C:\Program Files (x86)\Neos Eureka S.r.l\EurekaLog 7\Source\EDisAsm.pas"/>
        <DCCReference Include="C:\Program Files (x86)\Neos Eureka S.r.l\EurekaLog 7\Source\EDisAsmX8632.pas"/>
        <DCCReference Include="C:\Program Files (x86)\Neos Eureka S.r.l\EurekaLog 7\Source\EDisAsmX8632Defs.pas"/>
        <DCCReference Include="C:\Program Files (x86)\Neos Eureka S.r.l\EurekaLog 7\Source\EDisAsmX8664.pas"/>
        <DCCReference Include="C:\Program Files (x86)\Neos Eureka S.r.l\EurekaLog 7\Source\EDisAsmX8664Defs.pas"/>
        <DCCReference Include="C:\Program Files (x86)\Neos Eureka S.r.l\EurekaLog 7\Source\EDLLs.pas"/>
        <DCCReference Include="C:\Program Files (x86)\Neos Eureka S.r.l\EurekaLog 7\Source\EDNS.pas"/>
        <DCCReference Include="C:\Program Files (x86)\Neos Eureka S.r.l\EurekaLog 7\Source\EEncoding.pas"/>
        <DCCReference Include="C:\Program Files (x86)\Neos Eureka S.r.l\EurekaLog 7\Source\EEncrypt.pas"/>
        <DCCReference Include="C:\Program Files (x86)\Neos Eureka S.r.l\EurekaLog 7\Source\EEvents.pas"/>
        <DCCReference Include="C:\Program Files (x86)\Neos Eureka S.r.l\EurekaLog 7\Source\EException.pas"/>
        <DCCReference Include="C:\Program Files (x86)\Neos Eureka S.r.l\EurekaLog 7\Source\EExceptionHook.pas"/>
        <DCCReference Include="C:\Program Files (x86)\Neos Eureka S.r.l\EurekaLog 7\Source\EExceptionInfo.pas"/>
        <DCCReference Include="C:\Program Files (x86)\Neos Eureka S.r.l\EurekaLog 7\Source\EExceptionInfoDelphi2.pas"/>
        <DCCReference Include="C:\Program Files (x86)\Neos Eureka S.r.l\EurekaLog 7\Source\EExceptionInfoDelphiANSI.pas"/>
        <DCCReference Include="C:\Program Files (x86)\Neos Eureka S.r.l\EurekaLog 7\Source\EExceptionInfoDelphiUnicode.pas"/>
        <DCCReference Include="C:\Program Files (x86)\Neos Eureka S.r.l\EurekaLog 7\Source\EExceptionInfoGeneric.pas"/>
        <DCCReference Include="C:\Program Files (x86)\Neos Eureka S.r.l\EurekaLog 7\Source\EExceptionInfoMSVC.pas"/>
        <DCCReference Include="C:\Program Files (x86)\Neos Eureka S.r.l\EurekaLog 7\Source\EExceptionManager.pas"/>
        <DCCReference Include="C:\Program Files (x86)\Neos Eureka S.r.l\EurekaLog 7\Source\EFileMemory.pas"/>
        <DCCReference Include="C:\Program Files (x86)\Neos Eureka S.r.l\EurekaLog 7\Source\EFixSafeCallException.pas"/>
        <DCCReference Include="C:\Program Files (x86)\Neos Eureka S.r.l\EurekaLog 7\Source\EFonts.pas"/>
        <DCCReference Include="C:\Program Files (x86)\Neos Eureka S.r.l\EurekaLog 7\Source\EFreeze.pas"/>
        <DCCReference Include="C:\Program Files (x86)\Neos Eureka S.r.l\EurekaLog 7\Source\EHash.pas"/>
        <DCCReference Include="C:\Program Files (x86)\Neos Eureka S.r.l\EurekaLog 7\Source\EHook.pas"/>
        <DCCReference Include="C:\Program Files (x86)\Neos Eureka S.r.l\EurekaLog 7\Source\EHTMLHelp.pas"/>
        <DCCReference Include="C:\Program Files (x86)\Neos Eureka S.r.l\EurekaLog 7\Source\EInfoFormat.pas"/>
        <DCCReference Include="C:\Program Files (x86)\Neos Eureka S.r.l\EurekaLog 7\Source\EInject.pas"/>
        <DCCReference Include="C:\Program Files (x86)\Neos Eureka S.r.l\EurekaLog 7\Source\EInterfaces.pas"/>
        <DCCReference Include="C:\Program Files (x86)\Neos Eureka S.r.l\EurekaLog 7\Source\EInternalDebug.pas"/>
        <DCCReference Include="C:\Program Files (x86)\Neos Eureka S.r.l\EurekaLog 7\Source\EJSON.pas"/>
        <DCCReference Include="C:\Program Files (x86)\Neos Eureka S.r.l\EurekaLog 7\Source\EListView.pas"/>
        <DCCReference Include="C:\Program Files (x86)\Neos Eureka S.r.l\EurekaLog 7\Source\ELogBuilder.pas"/>
        <DCCReference Include="C:\Program Files (x86)\Neos Eureka S.r.l\EurekaLog 7\Source\ELogManager.pas"/>
        <DCCReference Include="C:\Program Files (x86)\Neos Eureka S.r.l\EurekaLog 7\Source\ELowLevel.pas"/>
        <DCCReference Include="C:\Program Files (x86)\Neos Eureka S.r.l\EurekaLog 7\Source\ELowLevelClasses.pas"/>
        <DCCReference Include="C:\Program Files (x86)\Neos Eureka S.r.l\EurekaLog 7\Source\EMantisConnect.pas"/>
        <DCCReference Include="C:\Program Files (x86)\Neos Eureka S.r.l\EurekaLog 7\Source\EMAPI.pas"/>
        <DCCReference Include="C:\Program Files (x86)\Neos Eureka S.r.l\EurekaLog 7\Source\EMapWin32.pas"/>
        <DCCReference Include="C:\Program Files (x86)\Neos Eureka S.r.l\EurekaLog 7\Source\EMemLeaks.pas"/>
        <DCCReference Include="C:\Program Files (x86)\Neos Eureka S.r.l\EurekaLog 7\Source\EMLang.pas"/>
        <DCCReference Include="C:\Program Files (x86)\Neos Eureka S.r.l\EurekaLog 7\Source\EModules.pas"/>
        <DCCReference Include="C:\Program Files (x86)\Neos Eureka S.r.l\EurekaLog 7\Source\EMonitors.pas"/>
        <DCCReference Include="C:\Program Files (x86)\Neos Eureka S.r.l\EurekaLog 7\Source\ENT.pas"/>
        <DCCReference Include="C:\Program Files (x86)\Neos Eureka S.r.l\EurekaLog 7\Source\EOSApiList.pas"/>
        <DCCReference Include="C:\Program Files (x86)\Neos Eureka S.r.l\EurekaLog 7\Source\EPChars.pas"/>
        <DCCReference Include="C:\Program Files (x86)\Neos Eureka S.r.l\EurekaLog 7\Source\EPEImage.pas"/>
        <DCCReference Include="C:\Program Files (x86)\Neos Eureka S.r.l\EurekaLog 7\Source\EPNG.pas"/>
        <DCCReference Include="C:\Program Files (x86)\Neos Eureka S.r.l\EurekaLog 7\Source\EResLeaks.pas"/>
        <DCCReference Include="C:\Program Files (x86)\Neos Eureka S.r.l\EurekaLog 7\Source\EScreenShot.pas"/>
        <DCCReference Include="C:\Program Files (x86)\Neos Eureka S.r.l\EurekaLog 7\Source\ESend.pas"/>
        <DCCReference Include="C:\Program Files (x86)\Neos Eureka S.r.l\EurekaLog 7\Source\ESendAPIBugZilla.pas"/>
        <DCCReference Include="C:\Program Files (x86)\Neos Eureka S.r.l\EurekaLog 7\Source\ESendAPIFogBugz.pas"/>
        <DCCReference Include="C:\Program Files (x86)\Neos Eureka S.r.l\EurekaLog 7\Source\ESendAPIJIRA.pas"/>
        <DCCReference Include="C:\Program Files (x86)\Neos Eureka S.r.l\EurekaLog 7\Source\ESendAPIMantis.pas"/>
        <DCCReference Include="C:\Program Files (x86)\Neos Eureka S.r.l\EurekaLog 7\Source\ESendMail.pas"/>
        <DCCReference Include="C:\Program Files (x86)\Neos Eureka S.r.l\EurekaLog 7\Source\ESendMailMAPI.pas"/>
        <DCCReference Include="C:\Program Files (x86)\Neos Eureka S.r.l\EurekaLog 7\Source\ESendMailShell.pas"/>
        <DCCReference Include="C:\Program Files (x86)\Neos Eureka S.r.l\EurekaLog 7\Source\ESendMailSMAPI.pas"/>
        <DCCReference Include="C:\Program Files (x86)\Neos Eureka S.r.l\EurekaLog 7\Source\ESendMailSMTP.pas"/>
        <DCCReference Include="C:\Program Files (x86)\Neos Eureka S.r.l\EurekaLog 7\Source\ESendWeb.pas"/>
        <DCCReference Include="C:\Program Files (x86)\Neos Eureka S.r.l\EurekaLog 7\Source\ESendWebBrowser.pas"/>
        <DCCReference Include="C:\Program Files (x86)\Neos Eureka S.r.l\EurekaLog 7\Source\ESendWebBugZilla.pas"/>
        <DCCReference Include="C:\Program Files (x86)\Neos Eureka S.r.l\EurekaLog 7\Source\ESendWebFogBugz.pas"/>
        <DCCReference Include="C:\Program Files (x86)\Neos Eureka S.r.l\EurekaLog 7\Source\ESendWebFTP.pas"/>
        <DCCReference Include="C:\Program Files (x86)\Neos Eureka S.r.l\EurekaLog 7\Source\ESendWebHTTP.pas"/>
        <DCCReference Include="C:\Program Files (x86)\Neos Eureka S.r.l\EurekaLog 7\Source\ESendWebMantis.pas"/>
        <DCCReference Include="C:\Program Files (x86)\Neos Eureka S.r.l\EurekaLog 7\Source\ESocket.pas"/>
        <DCCReference Include="C:\Program Files (x86)\Neos Eureka S.r.l\EurekaLog 7\Source\ESockets.pas"/>
        <DCCReference Include="C:\Program Files (x86)\Neos Eureka S.r.l\EurekaLog 7\Source\ESpecificDelphi.pas"/>
        <DCCReference Include="C:\Program Files (x86)\Neos Eureka S.r.l\EurekaLog 7\Source\ESSLSocket.pas"/>
        <DCCReference Include="C:\Program Files (x86)\Neos Eureka S.r.l\EurekaLog 7\Source\EStackTracing.pas"/>
        <DCCReference Include="C:\Program Files (x86)\Neos Eureka S.r.l\EurekaLog 7\Source\EStrConsts.pas"/>
        <DCCReference Include="C:\Program Files (x86)\Neos Eureka S.r.l\EurekaLog 7\Source\ESysInfo.pas"/>
        <DCCReference Include="C:\Program Files (x86)\Neos Eureka S.r.l\EurekaLog 7\Source\ETaskDialogs.pas"/>
        <DCCReference Include="C:\Program Files (x86)\Neos Eureka S.r.l\EurekaLog 7\Source\EThreadsManager.pas"/>
        <DCCReference Include="C:\Program Files (x86)\Neos Eureka S.r.l\EurekaLog 7\Source\ETools.pas"/>
        <DCCReference Include="C:\Program Files (x86)\Neos Eureka S.r.l\EurekaLog 7\Source\ETypes.pas"/>
        <DCCReference Include="C:\Program Files (x86)\Neos Eureka S.r.l\EurekaLog 7\Source\EUnmangling.pas"/>
        <DCCReference Include="C:\Program Files (x86)\Neos Eureka S.r.l\EurekaLog 7\Source\EWCT.pas"/>
        <DCCReference Include="C:\Program Files (x86)\Neos Eureka S.r.l\EurekaLog 7\Source\EWCTSupport.pas"/>
        <DCCReference Include="C:\Program Files (x86)\Neos Eureka S.r.l\EurekaLog 7\Source\EWebTools.pas"/>
        <DCCReference Include="C:\Program Files (x86)\Neos Eureka S.r.l\EurekaLog 7\Source\EWER.pas"/>
        <DCCReference Include="C:\Program Files (x86)\Neos Eureka S.r.l\EurekaLog 7\Source\EWinCrypt.pas"/>
        <DCCReference Include="C:\Program Files (x86)\Neos Eureka S.r.l\EurekaLog 7\Source\EWinSock.pas"/>
        <DCCReference Include="C:\Program Files (x86)\Neos Eureka S.r.l\EurekaLog 7\Source\ExceptionLog7.pas"/>
        <DCCReference Include="C:\Program Files (x86)\Neos Eureka S.r.l\EurekaLog 7\Source\EXMLBuilder.pas"/>
        <DCCReference Include="C:\Program Files (x86)\Neos Eureka S.r.l\EurekaLog 7\Source\EXMLRPC.pas"/>
        <DCCReference Include="C:\Program Files (x86)\Neos Eureka S.r.l\EurekaLog 7\Source\EZip.pas"/>
        <DCCReference Include="C:\Program Files (x86)\Neos Eureka S.r.l\EurekaLog 7\Source\EZLib.pas"/>
        <DCCReference Include="C:\Program Files (x86)\Neos Eureka S.r.l\EurekaLog 7\Source\EZLibHeaders.pas"/>
        <BuildConfiguration Include="Base">
            <Key>Base</Key>
        </BuildConfiguration>
    </ItemGroup>
    <ProjectExtensions>
        <Borland.Personality>Delphi.Personality.12</Borland.Personality>
        <Borland.ProjectType>Package</Borland.ProjectType>
        <BorlandProject>
            <Delphi.Personality>
                <Source>
                    <Source Name="MainSource">EurekaLog_18.dpk</Source>
                </Source>
                <VersionInfo>
                    <VersionInfo Name="IncludeVerInfo">True</VersionInfo>
                    <VersionInfo Name="AutoIncBuild">False</VersionInfo>
                    <VersionInfo Name="MajorVer">1</VersionInfo>
                    <VersionInfo Name="MinorVer">0</VersionInfo>
                    <VersionInfo Name="Release">0</VersionInfo>
                    <VersionInfo Name="Build">0</VersionInfo>
                    <VersionInfo Name="Debug">False</VersionInfo>
                    <VersionInfo Name="PreRelease">False</VersionInfo>
                    <VersionInfo Name="Special">False</VersionInfo>
                    <VersionInfo Name="Private">False</VersionInfo>
                    <VersionInfo Name="DLL">False</VersionInfo>
                    <VersionInfo Name="Locale">1031</VersionInfo>
                    <VersionInfo Name="CodePage">1252</VersionInfo>
                </VersionInfo>
                <VersionInfoKeys>
                    <VersionInfoKeys Name="CompanyName"/>
                    <VersionInfoKeys Name="FileDescription"/>
                    <VersionInfoKeys Name="FileVersion">1.0.0.0</VersionInfoKeys>
                    <VersionInfoKeys Name="InternalName"/>
                    <VersionInfoKeys Name="LegalCopyright"/>
                    <VersionInfoKeys Name="LegalTrademarks"/>
                    <VersionInfoKeys Name="OriginalFilename"/>
                    <VersionInfoKeys Name="ProductName"/>
                    <VersionInfoKeys Name="ProductVersion">1.0.0.0</VersionInfoKeys>
                    <VersionInfoKeys Name="Comments"/>
                    <VersionInfoKeys Name="CFBundleName"/>
                    <VersionInfoKeys Name="CFBundleDisplayName"/>
                    <VersionInfoKeys Name="UIDeviceFamily"/>
                    <VersionInfoKeys Name="CFBundleIdentifier"/>
                    <VersionInfoKeys Name="CFBundleVersion"/>
                    <VersionInfoKeys Name="CFBundlePackageType"/>
                    <VersionInfoKeys Name="CFBundleSignature"/>
                    <VersionInfoKeys Name="CFBundleAllowMixedLocalizations"/>
                    <VersionInfoKeys Name="UISupportedInterfaceOrientations"/>
                    <VersionInfoKeys Name="CFBundleExecutable"/>
                    <VersionInfoKeys Name="CFBundleResourceSpecification"/>
                    <VersionInfoKeys Name="LSRequiresIPhoneOS"/>
                    <VersionInfoKeys Name="CFBundleInfoDictionaryVersion"/>
                    <VersionInfoKeys Name="CFBundleDevelopmentRegion"/>
                </VersionInfoKeys>
                <Excluded_Packages>
                    <Excluded_Packages Name="$(BDSBIN)\dcloffice2k180.bpl">Microsoft Office 2000 Sample Automation Server Wrapper Components</Excluded_Packages>
                    <Excluded_Packages Name="$(BDSBIN)\dclofficexp180.bpl">Microsoft Office XP Sample Automation Server Wrapper Components</Excluded_Packages>
                </Excluded_Packages>
            </Delphi.Personality>
            <Platforms>
                <Platform value="OSX32">False</Platform>
                <Platform value="Win32">True</Platform>
                <Platform value="Win64">False</Platform>
            </Platforms>
        </BorlandProject>
        <ProjectFileVersion>12</ProjectFileVersion>
    </ProjectExtensions>
    <Import Project="$(BDS)\Bin\CodeGear.Delphi.Targets" Condition="Exists('$(BDS)\Bin\CodeGear.Delphi.Targets')"/>
    <Import Project="$(APPDATA)\Embarcadero\$(BDSAPPDATABASEDIR)\$(PRODUCTVERSION)\UserTools.proj" Condition="Exists('$(APPDATA)\Embarcadero\$(BDSAPPDATABASEDIR)\$(PRODUCTVERSION)\UserTools.proj')"/>
</Project>
