	<Project xmlns="http://schemas.microsoft.com/developer/msbuild/2003">
		<PropertyGroup>
			<ProjectGuid>{39126B1C-4A7C-41E2-8E2C-8B863333D738}</ProjectGuid>
			<MainSource>SynopsePDF_160.dpk</MainSource>
			<ProjectVersion>13.4</ProjectVersion>
			<FrameworkType>VCL</FrameworkType>
			<Config Condition="'$(Config)'==''">Base</Config>
			<Platform Condition="'$(Platform)'==''">Win32</Platform>
			<TargetedPlatforms>1</TargetedPlatforms>
			<AppType>Package</AppType>
			<VerInfo_IncludeVerInfo>false</VerInfo_IncludeVerInfo>
			<SkipResGeneration>true</SkipResGeneration>
			<Base>True</Base>
		</PropertyGroup>
		<PropertyGroup Condition="'$(Config)'=='Base' or '$(Base)'!=''">
			<Base>true</Base>
		</PropertyGroup>
		<PropertyGroup Condition="'$(Base)'!=''">
			<RuntimeOnlyPackage>true</RuntimeOnlyPackage>
			<GenDll>true</GenDll>
			<GenPackage>true</GenPackage>
			<VerInfo_Locale>1031</VerInfo_Locale>
			<VerInfo_Keys>CompanyName=;FileDescription=;FileVersion=1.0.0.0;InternalName=;LegalCopyright=;LegalTrademarks=;OriginalFilename=;ProductName=;ProductVersion=1.0.0.0</VerInfo_Keys>
			<DCC_Define>PUREPASCAL;$(DCC_Define)</DCC_Define>
			<DCC_Namespace>System;Xml;Data;Datasnap;Web;Soap;Winapi;Bde;System.Win;Vcl;$(DCC_Namespace)</DCC_Namespace>
			<DCC_BplOutput>$(BDS)\Projects\Bpl</DCC_BplOutput>
			<DCC_Platform>x86</DCC_Platform>
			<DCC_DcpOutput>..\Bin</DCC_DcpOutput>
			<DCC_DcuOutput>..\Bin</DCC_DcuOutput>
			<DCC_IOChecking>false</DCC_IOChecking>
		</PropertyGroup>
		<ProjectExtensions>
			<Borland.Personality>Delphi.Personality.12</Borland.Personality>
			<Borland.ProjectType>Package</Borland.ProjectType>
			<BorlandProject>
				<Delphi.Personality/>
				<Platforms>
					<Platform value="Win32">True</Platform>
					<Platform value="Win64">False</Platform>
					<Platform value="OSX32">False</Platform>
				</Platforms>
			</BorlandProject>
			<ProjectFileVersion>12</ProjectFileVersion>
		</ProjectExtensions>
	</Project>
